
Microsoft Visual Studio Solution File, Format Version 12.00
# Visual Studio Version 16
VisualStudioVersion = 16.0.31005.135
MinimumVisualStudioVersion = 10.0.40219.1
Project("{FAE04EC0-301F-11D3-BF4B-00C04F79EFBC}") = "CEPFacil", "CEPFacil.csproj", "{E6B78AE6-F1BF-4D48-A05C-BAF3A6D34441}"
EndProject
Global
	GlobalSection(SolutionConfigurationPlatforms) = preSolution
		Debug|Any CPU = Debug|Any CPU
		Release|Any CPU = Release|Any CPU
	EndGlobalSection
	GlobalSection(ProjectConfigurationPlatforms) = postSolution
		{E6B78AE6-F1BF-4D48-A05C-BAF3A6D34441}.Debug|Any CPU.ActiveCfg = Debug|Any CPU
		{E6B78AE6-F1BF-4D48-A05C-BAF3A6D34441}.Debug|Any CPU.Build.0 = Debug|Any CPU
		{E6B78AE6-F1BF-4D48-A05C-BAF3A6D34441}.Release|Any CPU.ActiveCfg = Release|Any CPU
		{E6B78AE6-F1BF-4D48-A05C-BAF3A6D34441}.Release|Any CPU.Build.0 = Release|Any CPU
	EndGlobalSection
	GlobalSection(SolutionProperties) = preSolution
		HideSolutionNode = FALSE
	EndGlobalSection
	GlobalSection(ExtensibilityGlobals) = postSolution
		SolutionGuid = {5C07551E-72A8-431A-BC9A-B29C73219E01}
	EndGlobalSection
EndGlobal
